// !$*UTF8*$!
{
	archiveVersion = 1;
	classes = {
	};
	objectVersion = 50;
	objects = {

/* Begin PBXBuildFile section */
		CDCDE651261F465A00469D7E /* AppDelegate.swift in Sources */ = {isa = PBXBuildFile; fileRef = CDCDE650261F465A00469D7E /* AppDelegate.swift */; };
		CDCDE653261F465A00469D7E /* SceneDelegate.swift in Sources */ = {isa = PBXBuildFile; fileRef = CDCDE652261F465A00469D7E /* SceneDelegate.swift */; };
		CDCDE655261F465A00469D7E /* ContentView.swift in Sources */ = {isa = PBXBuildFile; fileRef = CDCDE654261F465A00469D7E /* ContentView.swift */; };
		CDCDE657261F465C00469D7E /* Assets.xcassets in Resources */ = {isa = PBXBuildFile; fileRef = CDCDE656261F465C00469D7E /* Assets.xcassets */; };
		CDCDE65A261F465C00469D7E /* Preview Assets.xcassets in Resources */ = {isa = PBXBuildFile; fileRef = CDCDE659261F465C00469D7E /* Preview Assets.xcassets */; };
		CDCDE65D261F465C00469D7E /* LaunchScreen.storyboard in Resources */ = {isa = PBXBuildFile; fileRef = CDCDE65B261F465C00469D7E /* LaunchScreen.storyboard */; };
		CDCDE668261F465C00469D7E /* TheAnimationTests.swift in Sources */ = {isa = PBXBuildFile; fileRef = CDCDE667261F465C00469D7E /* TheAnimationTests.swift */; };
		CDCDE673261F465C00469D7E /* TheAnimationUITests.swift in Sources */ = {isa = PBXBuildFile; fileRef = CDCDE672261F465C00469D7E /* TheAnimationUITests.swift */; };
/* End PBXBuildFile section */

/* Begin PBXContainerItemProxy section */
		CDCDE664261F465C00469D7E /* PBXContainerItemProxy */ = {
			isa = PBXContainerItemProxy;
			containerPortal = CDCDE645261F465A00469D7E /* Project object */;
			proxyType = 1;
			remoteGlobalIDString = CDCDE64C261F465A00469D7E;
			remoteInfo = TheAnimation;
		};
		CDCDE66F261F465C00469D7E /* PBXContainerItemProxy */ = {
			isa = PBXContainerItemProxy;
			containerPortal = CDCDE645261F465A00469D7E /* Project object */;
			proxyType = 1;
			remoteGlobalIDString = CDCDE64C261F465A00469D7E;
			remoteInfo = TheAnimation;
		};
/* End PBXContainerItemProxy section */

/* Begin PBXFileReference section */
		CDCDE64D261F465A00469D7E /* TheAnimation.app */ = {isa = PBXFileReference; explicitFileType = wrapper.application; includeInIndex = 0; path = TheAnimation.app; sourceTree = BUILT_PRODUCTS_DIR; };
		CDCDE650261F465A00469D7E /* AppDelegate.swift */ = {isa = PBXFileReference; lastKnownFileType = sourcecode.swift; path = AppDelegate.swift; sourceTree = "<group>"; };
		CDCDE652261F465A00469D7E /* SceneDelegate.swift */ = {isa = PBXFileReference; lastKnownFileType = sourcecode.swift; path = SceneDelegate.swift; sourceTree = "<group>"; };
		CDCDE654261F465A00469D7E /* ContentView.swift */ = {isa = PBXFileReference; lastKnownFileType = sourcecode.swift; path = ContentView.swift; sourceTree = "<group>"; };
		CDCDE656261F465C00469D7E /* Assets.xcassets */ = {isa = PBXFileReference; lastKnownFileType = folder.assetcatalog; path = Assets.xcassets; sourceTree = "<group>"; };
		CDCDE659261F465C00469D7E /* Preview Assets.xcassets */ = {isa = PBXFileReference; lastKnownFileType = folder.assetcatalog; path = "Preview Assets.xcassets"; sourceTree = "<group>"; };
		CDCDE65C261F465C00469D7E /* Base */ = {isa = PBXFileReference; lastKnownFileType = file.storyboard; name = Base; path = Base.lproj/LaunchScreen.storyboard; sourceTree = "<group>"; };
		CDCDE65E261F465C00469D7E /* Info.plist */ = {isa = PBXFileReference; lastKnownFileType = text.plist.xml; path = Info.plist; sourceTree = "<group>"; };
		CDCDE663261F465C00469D7E /* TheAnimationTests.xctest */ = {isa = PBXFileReference; explicitFileType = wrapper.cfbundle; includeInIndex = 0; path = TheAnimationTests.xctest; sourceTree = BUILT_PRODUCTS_DIR; };
		CDCDE667261F465C00469D7E /* TheAnimationTests.swift */ = {isa = PBXFileReference; lastKnownFileType = sourcecode.swift; path = TheAnimationTests.swift; sourceTree = "<group>"; };
		CDCDE669261F465C00469D7E /* Info.plist */ = {isa = PBXFileReference; lastKnownFileType = text.plist.xml; path = Info.plist; sourceTree = "<group>"; };
		CDCDE66E261F465C00469D7E /* TheAnimationUITests.xctest */ = {isa = PBXFileReference; explicitFileType = wrapper.cfbundle; includeInIndex = 0; path = TheAnimationUITests.xctest; sourceTree = BUILT_PRODUCTS_DIR; };
		CDCDE672261F465C00469D7E /* TheAnimationUITests.swift */ = {isa = PBXFileReference; lastKnownFileType = sourcecode.swift; path = TheAnimationUITests.swift; sourceTree = "<group>"; };
		CDCDE674261F465C00469D7E /* Info.plist */ = {isa = PBXFileReference; lastKnownFileType = text.plist.xml; path = Info.plist; sourceTree = "<group>"; };
/* End PBXFileReference section */

/* Begin PBXFrameworksBuildPhase section */
		CDCDE64A261F465A00469D7E /* Frameworks */ = {
			isa = PBXFrameworksBuildPhase;
			buildActionMask = 2147483647;
			files = (
			);
			runOnlyForDeploymentPostprocessing = 0;
		};
		CDCDE660261F465C00469D7E /* Frameworks */ = {
			isa = PBXFrameworksBuildPhase;
			buildActionMask = 2147483647;
			files = (
			);
			runOnlyForDeploymentPostprocessing = 0;
		};
		CDCDE66B261F465C00469D7E /* Frameworks */ = {
			isa = PBXFrameworksBuildPhase;
			buildActionMask = 2147483647;
			files = (
			);
			runOnlyForDeploymentPostprocessing = 0;
		};
/* End PBXFrameworksBuildPhase section */

/* Begin PBXGroup section */
		CDCDE644261F465A00469D7E = {
			isa = PBXGroup;
			children = (
				CDCDE64F261F465A00469D7E /* TheAnimation */,
				CDCDE666261F465C00469D7E /* TheAnimationTests */,
				CDCDE671261F465C00469D7E /* TheAnimationUITests */,
				CDCDE64E261F465A00469D7E /* Products */,
			);
			sourceTree = "<group>";
		};
		CDCDE64E261F465A00469D7E /* Products */ = {
			isa = PBXGroup;
			children = (
				CDCDE64D261F465A00469D7E /* TheAnimation.app */,
				CDCDE663261F465C00469D7E /* TheAnimationTests.xctest */,
				CDCDE66E261F465C00469D7E /* TheAnimationUITests.xctest */,
			);
			name = Products;
			sourceTree = "<group>";
		};
		CDCDE64F261F465A00469D7E /* TheAnimation */ = {
			isa = PBXGroup;
			children = (
				CDCDE650261F465A00469D7E /* AppDelegate.swift */,
				CDCDE652261F465A00469D7E /* SceneDelegate.swift */,
				CDCDE654261F465A00469D7E /* ContentView.swift */,
				CDCDE656261F465C00469D7E /* Assets.xcassets */,
				CDCDE65B261F465C00469D7E /* LaunchScreen.storyboard */,
				CDCDE65E261F465C00469D7E /* Info.plist */,
				CDCDE658261F465C00469D7E /* Preview Content */,
			);
			path = TheAnimation;
			sourceTree = "<group>";
		};
		CDCDE658261F465C00469D7E /* Preview Content */ = {
			isa = PBXGroup;
			children = (
				CDCDE659261F465C00469D7E /* Preview Assets.xcassets */,
			);
			path = "Preview Content";
			sourceTree = "<group>";
		};
		CDCDE666261F465C00469D7E /* TheAnimationTests */ = {
			isa = PBXGroup;
			children = (
				CDCDE667261F465C00469D7E /* TheAnimationTests.swift */,
				CDCDE669261F465C00469D7E /* Info.plist */,
			);
			path = TheAnimationTests;
			sourceTree = "<group>";
		};
		CDCDE671261F465C00469D7E /* TheAnimationUITests */ = {
			isa = PBXGroup;
			children = (
				CDCDE672261F465C00469D7E /* TheAnimationUITests.swift */,
				CDCDE674261F465C00469D7E /* Info.plist */,
			);
			path = TheAnimationUITests;
			sourceTree = "<group>";
		};
/* End PBXGroup section */

/* Begin PBXNativeTarget section */
		CDCDE64C261F465A00469D7E /* TheAnimation */ = {
			isa = PBXNativeTarget;
			buildConfigurationList = CDCDE677261F465C00469D7E /* Build configuration list for PBXNativeTarget "TheAnimation" */;
			buildPhases = (
				CDCDE649261F465A00469D7E /* Sources */,
				CDCDE64A261F465A00469D7E /* Frameworks */,
				CDCDE64B261F465A00469D7E /* Resources */,
			);
			buildRules = (
			);
			dependencies = (
			);
			name = TheAnimation;
			productName = TheAnimation;
			productReference = CDCDE64D261F465A00469D7E /* TheAnimation.app */;
			productType = "com.apple.product-type.application";
		};
		CDCDE662261F465C00469D7E /* TheAnimationTests */ = {
			isa = PBXNativeTarget;
			buildConfigurationList = CDCDE67A261F465C00469D7E /* Build configuration list for PBXNativeTarget "TheAnimationTests" */;
			buildPhases = (
				CDCDE65F261F465C00469D7E /* Sources */,
				CDCDE660261F465C00469D7E /* Frameworks */,
				CDCDE661261F465C00469D7E /* Resources */,
			);
			buildRules = (
			);
			dependencies = (
				CDCDE665261F465C00469D7E /* PBXTargetDependency */,
			);
			name = TheAnimationTests;
			productName = TheAnimationTests;
			productReference = CDCDE663261F465C00469D7E /* TheAnimationTests.xctest */;
			productType = "com.apple.product-type.bundle.unit-test";
		};
		CDCDE66D261F465C00469D7E /* TheAnimationUITests */ = {
			isa = PBXNativeTarget;
			buildConfigurationList = CDCDE67D261F465C00469D7E /* Build configuration list for PBXNativeTarget "TheAnimationUITests" */;
			buildPhases = (
				CDCDE66A261F465C00469D7E /* Sources */,
				CDCDE66B261F465C00469D7E /* Frameworks */,
				CDCDE66C261F465C00469D7E /* Resources */,
			);
			buildRules = (
			);
			dependencies = (
				CDCDE670261F465C00469D7E /* PBXTargetDependency */,
			);
			name = TheAnimationUITests;
			productName = TheAnimationUITests;
			productReference = CDCDE66E261F465C00469D7E /* TheAnimationUITests.xctest */;
			productType = "com.apple.product-type.bundle.ui-testing";
		};
/* End PBXNativeTarget section */

/* Begin PBXProject section */
		CDCDE645261F465A00469D7E /* Project object */ = {
			isa = PBXProject;
			attributes = {
				LastSwiftUpdateCheck = 1230;
				LastUpgradeCheck = 1230;
				TargetAttributes = {
					CDCDE64C261F465A00469D7E = {
						CreatedOnToolsVersion = 12.3;
					};
					CDCDE662261F465C00469D7E = {
						CreatedOnToolsVersion = 12.3;
						TestTargetID = CDCDE64C261F465A00469D7E;
					};
					CDCDE66D261F465C00469D7E = {
						CreatedOnToolsVersion = 12.3;
						TestTargetID = CDCDE64C261F465A00469D7E;
					};
				};
			};
			buildConfigurationList = CDCDE648261F465A00469D7E /* Build configuration list for PBXProject "TheAnimation" */;
			compatibilityVersion = "Xcode 9.3";
			developmentRegion = en;
			hasScannedForEncodings = 0;
			knownRegions = (
				en,
				Base,
			);
			mainGroup = CDCDE644261F465A00469D7E;
			productRefGroup = CDCDE64E261F465A00469D7E /* Products */;
			projectDirPath = "";
			projectRoot = "";
			targets = (
				CDCDE64C261F465A00469D7E /* TheAnimation */,
				CDCDE662261F465C00469D7E /* TheAnimationTests */,
				CDCDE66D261F465C00469D7E /* TheAnimationUITests */,
			);
		};
/* End PBXProject section */

/* Begin PBXResourcesBuildPhase section */
		CDCDE64B261F465A00469D7E /* Resources */ = {
			isa = PBXResourcesBuildPhase;
			buildActionMask = 2147483647;
			files = (
				CDCDE65D261F465C00469D7E /* LaunchScreen.storyboard in Resources */,
				CDCDE65A261F465C00469D7E /* Preview Assets.xcassets in Resources */,
				CDCDE657261F465C00469D7E /* Assets.xcassets in Resources */,
			);
			runOnlyForDeploymentPostprocessing = 0;
		};
		CDCDE661261F465C00469D7E /* Resources */ = {
			isa = PBXResourcesBuildPhase;
			buildActionMask = 2147483647;
			files = (
			);
			runOnlyForDeploymentPostprocessing = 0;
		};
		CDCDE66C261F465C00469D7E /* Resources */ = {
			isa = PBXResourcesBuildPhase;
			buildActionMask = 2147483647;
			files = (
			);
			runOnlyForDeploymentPostprocessing = 0;
		};
/* End PBXResourcesBuildPhase section */

/* Begin PBXSourcesBuildPhase section */
		CDCDE649261F465A00469D7E /* Sources */ = {
			isa = PBXSourcesBuildPhase;
			buildActionMask = 2147483647;
			files = (
				CDCDE651261F465A00469D7E /* AppDelegate.swift in Sources */,
				CDCDE653261F465A00469D7E /* SceneDelegate.swift in Sources */,
				CDCDE655261F465A00469D7E /* ContentView.swift in Sources */,
			);
			runOnlyForDeploymentPostprocessing = 0;
		};
		CDCDE65F261F465C00469D7E /* Sources */ = {
			isa = PBXSourcesBuildPhase;
			buildActionMask = 2147483647;
			files = (
				CDCDE668261F465C00469D7E /* TheAnimationTests.swift in Sources */,
			);
			runOnlyForDeploymentPostprocessing = 0;
		};
		CDCDE66A261F465C00469D7E /* Sources */ = {
			isa = PBXSourcesBuildPhase;
			buildActionMask = 2147483647;
			files = (
				CDCDE673261F465C00469D7E /* TheAnimationUITests.swift in Sources */,
			);
			runOnlyForDeploymentPostprocessing = 0;
		};
/* End PBXSourcesBuildPhase section */

/* Begin PBXTargetDependency section */
		CDCDE665261F465C00469D7E /* PBXTargetDependency */ = {
			isa = PBXTargetDependency;
			target = CDCDE64C261F465A00469D7E /* TheAnimation */;
			targetProxy = CDCDE664261F465C00469D7E /* PBXContainerItemProxy */;
		};
		CDCDE670261F465C00469D7E /* PBXTargetDependency */ = {
			isa = PBXTargetDependency;
			target = CDCDE64C261F465A00469D7E /* TheAnimation */;
			targetProxy = CDCDE66F261F465C00469D7E /* PBXContainerItemProxy */;
		};
/* End PBXTargetDependency section */

/* Begin PBXVariantGroup section */
		CDCDE65B261F465C00469D7E /* LaunchScreen.storyboard */ = {
			isa = PBXVariantGroup;
			children = (
				CDCDE65C261F465C00469D7E /* Base */,
			);
			name = LaunchScreen.storyboard;
			sourceTree = "<group>";
		};
/* End PBXVariantGroup section */

/* Begin XCBuildConfiguration section */
		CDCDE675261F465C00469D7E /* Debug */ = {
			isa = XCBuildConfiguration;
			buildSettings = {
				ALWAYS_SEARCH_USER_PATHS = NO;
				CLANG_ANALYZER_NONNULL = YES;
				CLANG_ANALYZER_NUMBER_OBJECT_CONVERSION = YES_AGGRESSIVE;
				CLANG_CXX_LANGUAGE_STANDARD = "gnu++14";
				CLANG_CXX_LIBRARY = "libc++";
				CLANG_ENABLE_MODULES = YES;
				CLANG_ENABLE_OBJC_ARC = YES;
				CLANG_ENABLE_OBJC_WEAK = YES;
				CLANG_WARN_BLOCK_CAPTURE_AUTORELEASING = YES;
				CLANG_WARN_BOOL_CONVERSION = YES;
				CLANG_WARN_COMMA = YES;
				CLANG_WARN_CONSTANT_CONVERSION = YES;
				CLANG_WARN_DEPRECATED_OBJC_IMPLEMENTATIONS = YES;
				CLANG_WARN_DIRECT_OBJC_ISA_USAGE = YES_ERROR;
				CLANG_WARN_DOCUMENTATION_COMMENTS = YES;
				CLANG_WARN_EMPTY_BODY = YES;
				CLANG_WARN_ENUM_CONVERSION = YES;
				CLANG_WARN_INFINITE_RECURSION = YES;
				CLANG_WARN_INT_CONVERSION = YES;
				CLANG_WARN_NON_LITERAL_NULL_CONVERSION = YES;
				CLANG_WARN_OBJC_IMPLICIT_RETAIN_SELF = YES;
				CLANG_WARN_OBJC_LITERAL_CONVERSION = YES;
				CLANG_WARN_OBJC_ROOT_CLASS = YES_ERROR;
				CLANG_WARN_QUOTED_INCLUDE_IN_FRAMEWORK_HEADER = YES;
				CLANG_WARN_RANGE_LOOP_ANALYSIS = YES;
				CLANG_WARN_STRICT_PROTOTYPES = YES;
				CLANG_WARN_SUSPICIOUS_MOVE = YES;
				CLANG_WARN_UNGUARDED_AVAILABILITY = YES_AGGRESSIVE;
				CLANG_WARN_UNREACHABLE_CODE = YES;
				CLANG_WARN__DUPLICATE_METHOD_MATCH = YES;
				COPY_PHASE_STRIP = NO;
				DEBUG_INFORMATION_FORMAT = dwarf;
				ENABLE_STRICT_OBJC_MSGSEND = YES;
				ENABLE_TESTABILITY = YES;
				GCC_C_LANGUAGE_STANDARD = gnu11;
				GCC_DYNAMIC_NO_PIC = NO;
				GCC_NO_COMMON_BLOCKS = YES;
				GCC_OPTIMIZATION_LEVEL = 0;
				GCC_PREPROCESSOR_DEFINITIONS = (
					"DEBUG=1",
					"$(inherited)",
				);
				GCC_WARN_64_TO_32_BIT_CONVERSION = YES;
				GCC_WARN_ABOUT_RETURN_TYPE = YES_ERROR;
				GCC_WARN_UNDECLARED_SELECTOR = YES;
				GCC_WARN_UNINITIALIZED_AUTOS = YES_AGGRESSIVE;
				GCC_WARN_UNUSED_FUNCTION = YES;
				GCC_WARN_UNUSED_VARIABLE = YES;
				IPHONEOS_DEPLOYMENT_TARGET = 14.3;
				MTL_ENABLE_DEBUG_INFO = INCLUDE_SOURCE;
				MTL_FAST_MATH = YES;
				ONLY_ACTIVE_ARCH = YES;
				SDKROOT = iphoneos;
				SWIFT_ACTIVE_COMPILATION_CONDITIONS = DEBUG;
				SWIFT_OPTIMIZATION_LEVEL = "-Onone";
			};
			name = Debug;
		};
		CDCDE676261F465C00469D7E /* Release */ = {
			isa = XCBuildConfiguration;
			buildSettings = {
				ALWAYS_SEARCH_USER_PATHS = NO;
				CLANG_ANALYZER_NONNULL = YES;
				CLANG_ANALYZER_NUMBER_OBJECT_CONVERSION = YES_AGGRESSIVE;
				CLANG_CXX_LANGUAGE_STANDARD = "gnu++14";
				CLANG_CXX_LIBRARY = "libc++";
				CLANG_ENABLE_MODULES = YES;
				CLANG_ENABLE_OBJC_ARC = YES;
				CLANG_ENABLE_OBJC_WEAK = YES;
				CLANG_WARN_BLOCK_CAPTURE_AUTORELEASING = YES;
				CLANG_WARN_BOOL_CONVERSION = YES;
				CLANG_WARN_COMMA = YES;
				CLANG_WARN_CONSTANT_CONVERSION = YES;
				CLANG_WARN_DEPRECATED_OBJC_IMPLEMENTATIONS = YES;
				CLANG_WARN_DIRECT_OBJC_ISA_USAGE = YES_ERROR;
				CLANG_WARN_DOCUMENTATION_COMMENTS = YES;
				CLANG_WARN_EMPTY_BODY = YES;
				CLANG_WARN_ENUM_CONVERSION = YES;
				CLANG_WARN_INFINITE_RECURSION = YES;
				CLANG_WARN_INT_CONVERSION = YES;
				CLANG_WARN_NON_LITERAL_NULL_CONVERSION = YES;
				CLANG_WARN_OBJC_IMPLICIT_RETAIN_SELF = YES;
				CLANG_WARN_OBJC_LITERAL_CONVERSION = YES;
				CLANG_WARN_OBJC_ROOT_CLASS = YES_ERROR;
				CLANG_WARN_QUOTED_INCLUDE_IN_FRAMEWORK_HEADER = YES;
				CLANG_WARN_RANGE_LOOP_ANALYSIS = YES;
				CLANG_WARN_STRICT_PROTOTYPES = YES;
				CLANG_WARN_SUSPICIOUS_MOVE = YES;
				CLANG_WARN_UNGUARDED_AVAILABILITY = YES_AGGRESSIVE;
				CLANG_WARN_UNREACHABLE_CODE = YES;
				CLANG_WARN__DUPLICATE_METHOD_MATCH = YES;
				COPY_PHASE_STRIP = NO;
				DEBUG_INFORMATION_FORMAT = "dwarf-with-dsym";
				ENABLE_NS_ASSERTIONS = NO;
				ENABLE_STRICT_OBJC_MSGSEND = YES;
				GCC_C_LANGUAGE_STANDARD = gnu11;
				GCC_NO_COMMON_BLOCKS = YES;
				GCC_WARN_64_TO_32_BIT_CONVERSION = YES;
				GCC_WARN_ABOUT_RETURN_TYPE = YES_ERROR;
				GCC_WARN_UNDECLARED_SELECTOR = YES;
				GCC_WARN_UNINITIALIZED_AUTOS = YES_AGGRESSIVE;
				GCC_WARN_UNUSED_FUNCTION = YES;
				GCC_WARN_UNUSED_VARIABLE = YES;
				IPHONEOS_DEPLOYMENT_TARGET = 14.3;
				MTL_ENABLE_DEBUG_INFO = NO;
				MTL_FAST_MATH = YES;
				SDKROOT = iphoneos;
				SWIFT_COMPILATION_MODE = wholemodule;
				SWIFT_OPTIMIZATION_LEVEL = "-O";
				VALIDATE_PRODUCT = YES;
			};
			name = Release;
		};
		CDCDE678261F465C00469D7E /* Debug */ = {
			isa = XCBuildConfiguration;
			buildSettings = {
				ASSETCATALOG_COMPILER_APPICON_NAME = AppIcon;
				ASSETCATALOG_COMPILER_GLOBAL_ACCENT_COLOR_NAME = AccentColor;
				CODE_SIGN_STYLE = Automatic;
				DEVELOPMENT_ASSET_PATHS = "\"TheAnimation/Preview Content\"";
				DEVELOPMENT_TEAM = 6Y7T2H9T6W;
				ENABLE_PREVIEWS = YES;
				INFOPLIST_FILE = TheAnimation/Info.plist;
				LD_RUNPATH_SEARCH_PATHS = (
					"$(inherited)",
					"@executable_path/Frameworks",
				);
				PRODUCT_BUNDLE_IDENTIFIER = dev.pablo.TheAnimation;
				PRODUCT_NAME = "$(TARGET_NAME)";
				SWIFT_VERSION = 5.0;
				TARGETED_DEVICE_FAMILY = "1,2";
			};
			name = Debug;
		};
		CDCDE679261F465C00469D7E /* Release */ = {
			isa = XCBuildConfiguration;
			buildSettings = {
				ASSETCATALOG_COMPILER_APPICON_NAME = AppIcon;
				ASSETCATALOG_COMPILER_GLOBAL_ACCENT_COLOR_NAME = AccentColor;
				CODE_SIGN_STYLE = Automatic;
				DEVELOPMENT_ASSET_PATHS = "\"TheAnimation/Preview Content\"";
				DEVELOPMENT_TEAM = 6Y7T2H9T6W;
				ENABLE_PREVIEWS = YES;
				INFOPLIST_FILE = TheAnimation/Info.plist;
				LD_RUNPATH_SEARCH_PATHS = (
					"$(inherited)",
					"@executable_path/Frameworks",
				);
				PRODUCT_BUNDLE_IDENTIFIER = dev.pablo.TheAnimation;
				PRODUCT_NAME = "$(TARGET_NAME)";
				SWIFT_VERSION = 5.0;
				TARGETED_DEVICE_FAMILY = "1,2";
			};
			name = Release;
		};
		CDCDE67B261F465C00469D7E /* Debug */ = {
			isa = XCBuildConfiguration;
			buildSettings = {
				ALWAYS_EMBED_SWIFT_STANDARD_LIBRARIES = YES;
				BUNDLE_LOADER = "$(TEST_HOST)";
				CODE_SIGN_STYLE = Automatic;
				DEVELOPMENT_TEAM = 6Y7T2H9T6W;
				INFOPLIST_FILE = TheAnimationTests/Info.plist;
				IPHONEOS_DEPLOYMENT_TARGET = 14.3;
				LD_RUNPATH_SEARCH_PATHS = (
					"$(inherited)",
					"@executable_path/Frameworks",
					"@loader_path/Frameworks",
				);
				PRODUCT_BUNDLE_IDENTIFIER = dev.pablo.TheAnimationTests;
				PRODUCT_NAME = "$(TARGET_NAME)";
				SWIFT_VERSION = 5.0;
				TARGETED_DEVICE_FAMILY = "1,2";
				TEST_HOST = "$(BUILT_PRODUCTS_DIR)/TheAnimation.app/TheAnimation";
			};
			name = Debug;
		};
		CDCDE67C261F465C00469D7E /* Release */ = {
			isa = XCBuildConfiguration;
			buildSettings = {
				ALWAYS_EMBED_SWIFT_STANDARD_LIBRARIES = YES;
				BUNDLE_LOADER = "$(TEST_HOST)";
				CODE_SIGN_STYLE = Automatic;
				DEVELOPMENT_TEAM = 6Y7T2H9T6W;
				INFOPLIST_FILE = TheAnimationTests/Info.plist;
				IPHONEOS_DEPLOYMENT_TARGET = 14.3;
				LD_RUNPATH_SEARCH_PATHS = (
					"$(inherited)",
					"@executable_path/Frameworks",
					"@loader_path/Frameworks",
				);
				PRODUCT_BUNDLE_IDENTIFIER = dev.pablo.TheAnimationTests;
				PRODUCT_NAME = "$(TARGET_NAME)";
				SWIFT_VERSION = 5.0;
				TARGETED_DEVICE_FAMILY = "1,2";
				TEST_HOST = "$(BUILT_PRODUCTS_DIR)/TheAnimation.app/TheAnimation";
			};
			name = Release;
		};
		CDCDE67E261F465C00469D7E /* Debug */ = {
			isa = XCBuildConfiguration;
			buildSettings = {
				ALWAYS_EMBED_SWIFT_STANDARD_LIBRARIES = YES;
				CODE_SIGN_STYLE = Automatic;
				DEVELOPMENT_TEAM = 6Y7T2H9T6W;
				INFOPLIST_FILE = TheAnimationUITests/Info.plist;
				LD_RUNPATH_SEARCH_PATHS = (
					"$(inherited)",
					"@executable_path/Frameworks",
					"@loader_path/Frameworks",
				);
				PRODUCT_BUNDLE_IDENTIFIER = dev.pablo.TheAnimationUITests;
				PRODUCT_NAME = "$(TARGET_NAME)";
				SWIFT_VERSION = 5.0;
				TARGETED_DEVICE_FAMILY = "1,2";
				TEST_TARGET_NAME = TheAnimation;
			};
			name = Debug;
		};
		CDCDE67F261F465C00469D7E /* Release */ = {
			isa = XCBuildConfiguration;
			buildSettings = {
				ALWAYS_EMBED_SWIFT_STANDARD_LIBRARIES = YES;
				CODE_SIGN_STYLE = Automatic;
				DEVELOPMENT_TEAM = 6Y7T2H9T6W;
				INFOPLIST_FILE = TheAnimationUITests/Info.plist;
				LD_RUNPATH_SEARCH_PATHS = (
					"$(inherited)",
					"@executable_path/Frameworks",
					"@loader_path/Frameworks",
				);
				PRODUCT_BUNDLE_IDENTIFIER = dev.pablo.TheAnimationUITests;
				PRODUCT_NAME = "$(TARGET_NAME)";
				SWIFT_VERSION = 5.0;
				TARGETED_DEVICE_FAMILY = "1,2";
				TEST_TARGET_NAME = TheAnimation;
			};
			name = Release;
		};
/* End XCBuildConfiguration section */

/* Begin XCConfigurationList section */
		CDCDE648261F465A00469D7E /* Build configuration list for PBXProject "TheAnimation" */ = {
			isa = XCConfigurationList;
			buildConfigurations = (
				CDCDE675261F465C00469D7E /* Debug */,
				CDCDE676261F465C00469D7E /* Release */,
			);
			defaultConfigurationIsVisible = 0;
			defaultConfigurationName = Release;
		};
		CDCDE677261F465C00469D7E /* Build configuration list for PBXNativeTarget "TheAnimation" */ = {
			isa = XCConfigurationList;
			buildConfigurations = (
				CDCDE678261F465C00469D7E /* Debug */,
				CDCDE679261F465C00469D7E /* Release */,
			);
			defaultConfigurationIsVisible = 0;
			defaultConfigurationName = Release;
		};
		CDCDE67A261F465C00469D7E /* Build configuration list for PBXNativeTarget "TheAnimationTests" */ = {
			isa = XCConfigurationList;
			buildConfigurations = (
				CDCDE67B261F465C00469D7E /* Debug */,
				CDCDE67C261F465C00469D7E /* Release */,
			);
			defaultConfigurationIsVisible = 0;
			defaultConfigurationName = Release;
		};
		CDCDE67D261F465C00469D7E /* Build configuration list for PBXNativeTarget "TheAnimationUITests" */ = {
			isa = XCConfigurationList;
			buildConfigurations = (
				CDCDE67E261F465C00469D7E /* Debug */,
				CDCDE67F261F465C00469D7E /* Release */,
			);
			defaultConfigurationIsVisible = 0;
			defaultConfigurationName = Release;
		};
/* End XCConfigurationList section */
	};
	rootObject = CDCDE645261F465A00469D7E /* Project object */;
}
